
Microsoft Visual Studio Solution File, Format Version 11.00
# Visual Studio 2010
Project("{FAE04EC0-301F-11D3-BF4B-00C04F79EFBC}") = "BuildAutomation", "BuildAutomation\BuildAutomation.csproj", "{0BC4DC94-18D9-4E2B-9BEE-3A844B78FD01}"
EndProject
Global
	GlobalSection(SolutionConfigurationPlatforms) = preSolution
		Debug|Any CPU = Debug|Any CPU
		Release|Any CPU = Release|Any CPU
	EndGlobalSection
	GlobalSection(ProjectConfigurationPlatforms) = postSolution
		{0BC4DC94-18D9-4E2B-9BEE-3A844B78FD01}.Debug|Any CPU.ActiveCfg = Debug|Any CPU
		{0BC4DC94-18D9-4E2B-9BEE-3A844B78FD01}.Debug|Any CPU.Build.0 = Debug|Any CPU
		{0BC4DC94-18D9-4E2B-9BEE-3A844B78FD01}.Release|Any CPU.ActiveCfg = Release|Any CPU
		{0BC4DC94-18D9-4E2B-9BEE-3A844B78FD01}.Release|Any CPU.Build.0 = Release|Any CPU
	EndGlobalSection
	GlobalSection(SolutionProperties) = preSolution
		HideSolutionNode = FALSE
	EndGlobalSection
EndGlobal
